
Microsoft Visual Studio Solution File, Format Version 12.00
# Visual Studio Version 17
VisualStudioVersion = 17.5.002.0
MinimumVisualStudioVersion = 10.0.40219.1
Project("{9A19103F-16F7-4668-BE54-9A1E7A4F7556}") = "selenium_Test", "selenium_Test.csproj", "{613F235F-3161-4B90-9A5A-431F4CF4CFE1}"
EndProject
Global
	GlobalSection(SolutionConfigurationPlatforms) = preSolution
		Debug|Any CPU = Debug|Any CPU
		Release|Any CPU = Release|Any CPU
	EndGlobalSection
	GlobalSection(ProjectConfigurationPlatforms) = postSolution
		{613F235F-3161-4B90-9A5A-431F4CF4CFE1}.Debug|Any CPU.ActiveCfg = Debug|Any CPU
		{613F235F-3161-4B90-9A5A-431F4CF4CFE1}.Debug|Any CPU.Build.0 = Debug|Any CPU
		{613F235F-3161-4B90-9A5A-431F4CF4CFE1}.Release|Any CPU.ActiveCfg = Release|Any CPU
		{613F235F-3161-4B90-9A5A-431F4CF4CFE1}.Release|Any CPU.Build.0 = Release|Any CPU
	EndGlobalSection
	GlobalSection(SolutionProperties) = preSolution
		HideSolutionNode = FALSE
	EndGlobalSection
	GlobalSection(ExtensibilityGlobals) = postSolution
		SolutionGuid = {703B1C1D-9BAE-4366-8B38-7D85E19085B2}
	EndGlobalSection
EndGlobal
